// !$*UTF8*$!
{
	archiveVersion = 1;
	classes = {
	};
	objectVersion = 56;
	objects = {

/* Begin PBXBuildFile section */
		FB224C212B14C68B001F96CE /* MainProtocols.swift in Sources */ = {isa = PBXBuildFile; fileRef = FB224C202B14C68B001F96CE /* MainProtocols.swift */; };
		FB224C232B14C695001F96CE /* MainInteractor.swift in Sources */ = {isa = PBXBuildFile; fileRef = FB224C222B14C695001F96CE /* MainInteractor.swift */; };
		FB224C252B14C6A2001F96CE /* MainPresenter.swift in Sources */ = {isa = PBXBuildFile; fileRef = FB224C242B14C6A2001F96CE /* MainPresenter.swift */; };
		FB224C282B14CC7A001F96CE /* MainRouter.swift in Sources */ = {isa = PBXBuildFile; fileRef = FB224C272B14CC7A001F96CE /* MainRouter.swift */; };
		FB3F50412B13A1F300EBCC2A /* AppDelegate.swift in Sources */ = {isa = PBXBuildFile; fileRef = FB3F50402B13A1F300EBCC2A /* AppDelegate.swift */; };
		FB3F50432B13A1F300EBCC2A /* SceneDelegate.swift in Sources */ = {isa = PBXBuildFile; fileRef = FB3F50422B13A1F300EBCC2A /* SceneDelegate.swift */; };
		FB3F50482B13A1F300EBCC2A /* Main.storyboard in Resources */ = {isa = PBXBuildFile; fileRef = FB3F50462B13A1F300EBCC2A /* Main.storyboard */; };
		FB3F504A2B13A1F400EBCC2A /* Assets.xcassets in Resources */ = {isa = PBXBuildFile; fileRef = FB3F50492B13A1F400EBCC2A /* Assets.xcassets */; };
		FB3F504D2B13A1F400EBCC2A /* LaunchScreen.storyboard in Resources */ = {isa = PBXBuildFile; fileRef = FB3F504B2B13A1F400EBCC2A /* LaunchScreen.storyboard */; };
		FB3F50572B13AE8E00EBCC2A /* DetailViewController.swift in Sources */ = {isa = PBXBuildFile; fileRef = FB3F50562B13AE8E00EBCC2A /* DetailViewController.swift */; };
		FB3F50592B13AEAD00EBCC2A /* MainViewController.swift in Sources */ = {isa = PBXBuildFile; fileRef = FB3F50582B13AEAD00EBCC2A /* MainViewController.swift */; };
		FB3F505B2B13B0A700EBCC2A /* movieCollectionViewCell.swift in Sources */ = {isa = PBXBuildFile; fileRef = FB3F505A2B13B0A700EBCC2A /* movieCollectionViewCell.swift */; };
		FB3F505D2B13B3AF00EBCC2A /* MovieResponse.swift in Sources */ = {isa = PBXBuildFile; fileRef = FB3F505C2B13B3AF00EBCC2A /* MovieResponse.swift */; };
		FB3F505F2B13B3BE00EBCC2A /* Movie.swift in Sources */ = {isa = PBXBuildFile; fileRef = FB3F505E2B13B3BE00EBCC2A /* Movie.swift */; };
		FB3F50612B13B41D00EBCC2A /* MovieDetailsResponse.swift in Sources */ = {isa = PBXBuildFile; fileRef = FB3F50602B13B41D00EBCC2A /* MovieDetailsResponse.swift */; };
		FB3F50632B13B42C00EBCC2A /* MovieDetails.swift in Sources */ = {isa = PBXBuildFile; fileRef = FB3F50622B13B42C00EBCC2A /* MovieDetails.swift */; };
		FB3F50652B13B43D00EBCC2A /* Ratings.swift in Sources */ = {isa = PBXBuildFile; fileRef = FB3F50642B13B43D00EBCC2A /* Ratings.swift */; };
		FB3F50682B13B79B00EBCC2A /* Alamofire in Frameworks */ = {isa = PBXBuildFile; productRef = FB3F50672B13B79B00EBCC2A /* Alamofire */; };
/* End PBXBuildFile section */

/* Begin PBXFileReference section */
		FB224C202B14C68B001F96CE /* MainProtocols.swift */ = {isa = PBXFileReference; lastKnownFileType = sourcecode.swift; path = MainProtocols.swift; sourceTree = "<group>"; };
		FB224C222B14C695001F96CE /* MainInteractor.swift */ = {isa = PBXFileReference; lastKnownFileType = sourcecode.swift; path = MainInteractor.swift; sourceTree = "<group>"; };
		FB224C242B14C6A2001F96CE /* MainPresenter.swift */ = {isa = PBXFileReference; lastKnownFileType = sourcecode.swift; path = MainPresenter.swift; sourceTree = "<group>"; };
		FB224C272B14CC7A001F96CE /* MainRouter.swift */ = {isa = PBXFileReference; lastKnownFileType = sourcecode.swift; path = MainRouter.swift; sourceTree = "<group>"; };
		FB3F503D2B13A1F300EBCC2A /* IMDBApp.app */ = {isa = PBXFileReference; explicitFileType = wrapper.application; includeInIndex = 0; path = IMDBApp.app; sourceTree = BUILT_PRODUCTS_DIR; };
		FB3F50402B13A1F300EBCC2A /* AppDelegate.swift */ = {isa = PBXFileReference; lastKnownFileType = sourcecode.swift; path = AppDelegate.swift; sourceTree = "<group>"; };
		FB3F50422B13A1F300EBCC2A /* SceneDelegate.swift */ = {isa = PBXFileReference; lastKnownFileType = sourcecode.swift; path = SceneDelegate.swift; sourceTree = "<group>"; };
		FB3F50472B13A1F300EBCC2A /* Base */ = {isa = PBXFileReference; lastKnownFileType = file.storyboard; name = Base; path = Base.lproj/Main.storyboard; sourceTree = "<group>"; };
		FB3F50492B13A1F400EBCC2A /* Assets.xcassets */ = {isa = PBXFileReference; lastKnownFileType = folder.assetcatalog; path = Assets.xcassets; sourceTree = "<group>"; };
		FB3F504C2B13A1F400EBCC2A /* Base */ = {isa = PBXFileReference; lastKnownFileType = file.storyboard; name = Base; path = Base.lproj/LaunchScreen.storyboard; sourceTree = "<group>"; };
		FB3F504E2B13A1F400EBCC2A /* Info.plist */ = {isa = PBXFileReference; lastKnownFileType = text.plist.xml; path = Info.plist; sourceTree = "<group>"; };
		FB3F50562B13AE8E00EBCC2A /* DetailViewController.swift */ = {isa = PBXFileReference; lastKnownFileType = sourcecode.swift; path = DetailViewController.swift; sourceTree = "<group>"; };
		FB3F50582B13AEAD00EBCC2A /* MainViewController.swift */ = {isa = PBXFileReference; lastKnownFileType = sourcecode.swift; path = MainViewController.swift; sourceTree = "<group>"; };
		FB3F505A2B13B0A700EBCC2A /* movieCollectionViewCell.swift */ = {isa = PBXFileReference; lastKnownFileType = sourcecode.swift; path = movieCollectionViewCell.swift; sourceTree = "<group>"; };
		FB3F505C2B13B3AF00EBCC2A /* MovieResponse.swift */ = {isa = PBXFileReference; lastKnownFileType = sourcecode.swift; path = MovieResponse.swift; sourceTree = "<group>"; };
		FB3F505E2B13B3BE00EBCC2A /* Movie.swift */ = {isa = PBXFileReference; lastKnownFileType = sourcecode.swift; path = Movie.swift; sourceTree = "<group>"; };
		FB3F50602B13B41D00EBCC2A /* MovieDetailsResponse.swift */ = {isa = PBXFileReference; lastKnownFileType = sourcecode.swift; path = MovieDetailsResponse.swift; sourceTree = "<group>"; };
		FB3F50622B13B42C00EBCC2A /* MovieDetails.swift */ = {isa = PBXFileReference; lastKnownFileType = sourcecode.swift; path = MovieDetails.swift; sourceTree = "<group>"; };
		FB3F50642B13B43D00EBCC2A /* Ratings.swift */ = {isa = PBXFileReference; lastKnownFileType = sourcecode.swift; path = Ratings.swift; sourceTree = "<group>"; };
/* End PBXFileReference section */

/* Begin PBXFrameworksBuildPhase section */
		FB3F503A2B13A1F300EBCC2A /* Frameworks */ = {
			isa = PBXFrameworksBuildPhase;
			buildActionMask = 2147483647;
			files = (
				FB3F50682B13B79B00EBCC2A /* Alamofire in Frameworks */,
			);
			runOnlyForDeploymentPostprocessing = 0;
		};
/* End PBXFrameworksBuildPhase section */

/* Begin PBXGroup section */
		FB224C142B14C597001F96CE /* main-module */ = {
			isa = PBXGroup;
			children = (
				FB224C192B14C5E5001F96CE /* mainCells */,
				FB224C182B14C5D6001F96CE /* mainProtocols */,
				FB224C172B14C5C2001F96CE /* mainInteractor */,
				FB224C162B14C5B8001F96CE /* mainPresenter */,
				FB224C262B14CC5A001F96CE /* mainRouter */,
				FB224C152B14C5AC001F96CE /* mainView */,
			);
			path = "main-module";
			sourceTree = "<group>";
		};
		FB224C152B14C5AC001F96CE /* mainView */ = {
			isa = PBXGroup;
			children = (
				FB3F50582B13AEAD00EBCC2A /* MainViewController.swift */,
			);
			path = mainView;
			sourceTree = "<group>";
		};
		FB224C162B14C5B8001F96CE /* mainPresenter */ = {
			isa = PBXGroup;
			children = (
				FB224C242B14C6A2001F96CE /* MainPresenter.swift */,
			);
			path = mainPresenter;
			sourceTree = "<group>";
		};
		FB224C172B14C5C2001F96CE /* mainInteractor */ = {
			isa = PBXGroup;
			children = (
				FB224C222B14C695001F96CE /* MainInteractor.swift */,
			);
			path = mainInteractor;
			sourceTree = "<group>";
		};
		FB224C182B14C5D6001F96CE /* mainProtocols */ = {
			isa = PBXGroup;
			children = (
				FB224C202B14C68B001F96CE /* MainProtocols.swift */,
			);
			path = mainProtocols;
			sourceTree = "<group>";
		};
		FB224C192B14C5E5001F96CE /* mainCells */ = {
			isa = PBXGroup;
			children = (
				FB3F505A2B13B0A700EBCC2A /* movieCollectionViewCell.swift */,
			);
			path = mainCells;
			sourceTree = "<group>";
		};
		FB224C1A2B14C5FF001F96CE /* entity */ = {
			isa = PBXGroup;
			children = (
				FB3F505C2B13B3AF00EBCC2A /* MovieResponse.swift */,
				FB3F505E2B13B3BE00EBCC2A /* Movie.swift */,
				FB3F50602B13B41D00EBCC2A /* MovieDetailsResponse.swift */,
				FB3F50622B13B42C00EBCC2A /* MovieDetails.swift */,
				FB3F50642B13B43D00EBCC2A /* Ratings.swift */,
			);
			path = entity;
			sourceTree = "<group>";
		};
		FB224C1B2B14C627001F96CE /* detail-module */ = {
			isa = PBXGroup;
			children = (
				FB224C1F2B14C653001F96CE /* detailProtocols */,
				FB224C1E2B14C646001F96CE /* detailInteractor */,
				FB224C1D2B14C639001F96CE /* detailPresenter */,
				FB224C1C2B14C633001F96CE /* detailView */,
			);
			path = "detail-module";
			sourceTree = "<group>";
		};
		FB224C1C2B14C633001F96CE /* detailView */ = {
			isa = PBXGroup;
			children = (
				FB3F50562B13AE8E00EBCC2A /* DetailViewController.swift */,
			);
			path = detailView;
			sourceTree = "<group>";
		};
		FB224C1D2B14C639001F96CE /* detailPresenter */ = {
			isa = PBXGroup;
			children = (
			);
			path = detailPresenter;
			sourceTree = "<group>";
		};
		FB224C1E2B14C646001F96CE /* detailInteractor */ = {
			isa = PBXGroup;
			children = (
			);
			path = detailInteractor;
			sourceTree = "<group>";
		};
		FB224C1F2B14C653001F96CE /* detailProtocols */ = {
			isa = PBXGroup;
			children = (
			);
			path = detailProtocols;
			sourceTree = "<group>";
		};
		FB224C262B14CC5A001F96CE /* mainRouter */ = {
			isa = PBXGroup;
			children = (
				FB224C272B14CC7A001F96CE /* MainRouter.swift */,
			);
			path = mainRouter;
			sourceTree = "<group>";
		};
		FB3F50342B13A1F300EBCC2A = {
			isa = PBXGroup;
			children = (
				FB3F503F2B13A1F300EBCC2A /* IMDBApp */,
				FB3F503E2B13A1F300EBCC2A /* Products */,
			);
			sourceTree = "<group>";
		};
		FB3F503E2B13A1F300EBCC2A /* Products */ = {
			isa = PBXGroup;
			children = (
				FB3F503D2B13A1F300EBCC2A /* IMDBApp.app */,
			);
			name = Products;
			sourceTree = "<group>";
		};
		FB3F503F2B13A1F300EBCC2A /* IMDBApp */ = {
			isa = PBXGroup;
			children = (
				FB3F50402B13A1F300EBCC2A /* AppDelegate.swift */,
				FB3F50422B13A1F300EBCC2A /* SceneDelegate.swift */,
				FB224C142B14C597001F96CE /* main-module */,
				FB224C1B2B14C627001F96CE /* detail-module */,
				FB3F50462B13A1F300EBCC2A /* Main.storyboard */,
				FB3F50492B13A1F400EBCC2A /* Assets.xcassets */,
				FB3F504B2B13A1F400EBCC2A /* LaunchScreen.storyboard */,
				FB3F504E2B13A1F400EBCC2A /* Info.plist */,
				FB224C1A2B14C5FF001F96CE /* entity */,
			);
			path = IMDBApp;
			sourceTree = "<group>";
		};
/* End PBXGroup section */

/* Begin PBXNativeTarget section */
		FB3F503C2B13A1F300EBCC2A /* IMDBApp */ = {
			isa = PBXNativeTarget;
			buildConfigurationList = FB3F50512B13A1F400EBCC2A /* Build configuration list for PBXNativeTarget "IMDBApp" */;
			buildPhases = (
				FB3F50392B13A1F300EBCC2A /* Sources */,
				FB3F503A2B13A1F300EBCC2A /* Frameworks */,
				FB3F503B2B13A1F300EBCC2A /* Resources */,
			);
			buildRules = (
			);
			dependencies = (
			);
			name = IMDBApp;
			packageProductDependencies = (
				FB3F50672B13B79B00EBCC2A /* Alamofire */,
			);
			productName = IMDBApp;
			productReference = FB3F503D2B13A1F300EBCC2A /* IMDBApp.app */;
			productType = "com.apple.product-type.application";
		};
/* End PBXNativeTarget section */

/* Begin PBXProject section */
		FB3F50352B13A1F300EBCC2A /* Project object */ = {
			isa = PBXProject;
			attributes = {
				BuildIndependentTargetsInParallel = 1;
				LastSwiftUpdateCheck = 1500;
				LastUpgradeCheck = 1500;
				TargetAttributes = {
					FB3F503C2B13A1F300EBCC2A = {
						CreatedOnToolsVersion = 15.0.1;
					};
				};
			};
			buildConfigurationList = FB3F50382B13A1F300EBCC2A /* Build configuration list for PBXProject "IMDBApp" */;
			compatibilityVersion = "Xcode 14.0";
			developmentRegion = en;
			hasScannedForEncodings = 0;
			knownRegions = (
				en,
				Base,
			);
			mainGroup = FB3F50342B13A1F300EBCC2A;
			packageReferences = (
				FB3F50662B13B79B00EBCC2A /* XCRemoteSwiftPackageReference "Alamofire" */,
			);
			productRefGroup = FB3F503E2B13A1F300EBCC2A /* Products */;
			projectDirPath = "";
			projectRoot = "";
			targets = (
				FB3F503C2B13A1F300EBCC2A /* IMDBApp */,
			);
		};
/* End PBXProject section */

/* Begin PBXResourcesBuildPhase section */
		FB3F503B2B13A1F300EBCC2A /* Resources */ = {
			isa = PBXResourcesBuildPhase;
			buildActionMask = 2147483647;
			files = (
				FB3F504D2B13A1F400EBCC2A /* LaunchScreen.storyboard in Resources */,
				FB3F504A2B13A1F400EBCC2A /* Assets.xcassets in Resources */,
				FB3F50482B13A1F300EBCC2A /* Main.storyboard in Resources */,
			);
			runOnlyForDeploymentPostprocessing = 0;
		};
/* End PBXResourcesBuildPhase section */

/* Begin PBXSourcesBuildPhase section */
		FB3F50392B13A1F300EBCC2A /* Sources */ = {
			isa = PBXSourcesBuildPhase;
			buildActionMask = 2147483647;
			files = (
				FB3F505F2B13B3BE00EBCC2A /* Movie.swift in Sources */,
				FB224C282B14CC7A001F96CE /* MainRouter.swift in Sources */,
				FB3F50572B13AE8E00EBCC2A /* DetailViewController.swift in Sources */,
				FB224C212B14C68B001F96CE /* MainProtocols.swift in Sources */,
				FB3F50612B13B41D00EBCC2A /* MovieDetailsResponse.swift in Sources */,
				FB3F50592B13AEAD00EBCC2A /* MainViewController.swift in Sources */,
				FB3F50412B13A1F300EBCC2A /* AppDelegate.swift in Sources */,
				FB224C252B14C6A2001F96CE /* MainPresenter.swift in Sources */,
				FB3F505D2B13B3AF00EBCC2A /* MovieResponse.swift in Sources */,
				FB3F505B2B13B0A700EBCC2A /* movieCollectionViewCell.swift in Sources */,
				FB3F50432B13A1F300EBCC2A /* SceneDelegate.swift in Sources */,
				FB3F50652B13B43D00EBCC2A /* Ratings.swift in Sources */,
				FB3F50632B13B42C00EBCC2A /* MovieDetails.swift in Sources */,
				FB224C232B14C695001F96CE /* MainInteractor.swift in Sources */,
			);
			runOnlyForDeploymentPostprocessing = 0;
		};
/* End PBXSourcesBuildPhase section */

/* Begin PBXVariantGroup section */
		FB3F50462B13A1F300EBCC2A /* Main.storyboard */ = {
			isa = PBXVariantGroup;
			children = (
				FB3F50472B13A1F300EBCC2A /* Base */,
			);
			name = Main.storyboard;
			sourceTree = "<group>";
		};
		FB3F504B2B13A1F400EBCC2A /* LaunchScreen.storyboard */ = {
			isa = PBXVariantGroup;
			children = (
				FB3F504C2B13A1F400EBCC2A /* Base */,
			);
			name = LaunchScreen.storyboard;
			sourceTree = "<group>";
		};
/* End PBXVariantGroup section */

/* Begin XCBuildConfiguration section */
		FB3F504F2B13A1F400EBCC2A /* Debug */ = {
			isa = XCBuildConfiguration;
			buildSettings = {
				ALWAYS_SEARCH_USER_PATHS = NO;
				ASSETCATALOG_COMPILER_GENERATE_SWIFT_ASSET_SYMBOL_EXTENSIONS = YES;
				CLANG_ANALYZER_NONNULL = YES;
				CLANG_ANALYZER_NUMBER_OBJECT_CONVERSION = YES_AGGRESSIVE;
				CLANG_CXX_LANGUAGE_STANDARD = "gnu++20";
				CLANG_ENABLE_MODULES = YES;
				CLANG_ENABLE_OBJC_ARC = YES;
				CLANG_ENABLE_OBJC_WEAK = YES;
				CLANG_WARN_BLOCK_CAPTURE_AUTORELEASING = YES;
				CLANG_WARN_BOOL_CONVERSION = YES;
				CLANG_WARN_COMMA = YES;
				CLANG_WARN_CONSTANT_CONVERSION = YES;
				CLANG_WARN_DEPRECATED_OBJC_IMPLEMENTATIONS = YES;
				CLANG_WARN_DIRECT_OBJC_ISA_USAGE = YES_ERROR;
				CLANG_WARN_DOCUMENTATION_COMMENTS = YES;
				CLANG_WARN_EMPTY_BODY = YES;
				CLANG_WARN_ENUM_CONVERSION = YES;
				CLANG_WARN_INFINITE_RECURSION = YES;
				CLANG_WARN_INT_CONVERSION = YES;
				CLANG_WARN_NON_LITERAL_NULL_CONVERSION = YES;
				CLANG_WARN_OBJC_IMPLICIT_RETAIN_SELF = YES;
				CLANG_WARN_OBJC_LITERAL_CONVERSION = YES;
				CLANG_WARN_OBJC_ROOT_CLASS = YES_ERROR;
				CLANG_WARN_QUOTED_INCLUDE_IN_FRAMEWORK_HEADER = YES;
				CLANG_WARN_RANGE_LOOP_ANALYSIS = YES;
				CLANG_WARN_STRICT_PROTOTYPES = YES;
				CLANG_WARN_SUSPICIOUS_MOVE = YES;
				CLANG_WARN_UNGUARDED_AVAILABILITY = YES_AGGRESSIVE;
				CLANG_WARN_UNREACHABLE_CODE = YES;
				CLANG_WARN__DUPLICATE_METHOD_MATCH = YES;
				COPY_PHASE_STRIP = NO;
				DEBUG_INFORMATION_FORMAT = dwarf;
				ENABLE_STRICT_OBJC_MSGSEND = YES;
				ENABLE_TESTABILITY = YES;
				ENABLE_USER_SCRIPT_SANDBOXING = YES;
				GCC_C_LANGUAGE_STANDARD = gnu17;
				GCC_DYNAMIC_NO_PIC = NO;
				GCC_NO_COMMON_BLOCKS = YES;
				GCC_OPTIMIZATION_LEVEL = 0;
				GCC_PREPROCESSOR_DEFINITIONS = (
					"DEBUG=1",
					"$(inherited)",
				);
				GCC_WARN_64_TO_32_BIT_CONVERSION = YES;
				GCC_WARN_ABOUT_RETURN_TYPE = YES_ERROR;
				GCC_WARN_UNDECLARED_SELECTOR = YES;
				GCC_WARN_UNINITIALIZED_AUTOS = YES_AGGRESSIVE;
				GCC_WARN_UNUSED_FUNCTION = YES;
				GCC_WARN_UNUSED_VARIABLE = YES;
				IPHONEOS_DEPLOYMENT_TARGET = 17.0;
				LOCALIZATION_PREFERS_STRING_CATALOGS = YES;
				MTL_ENABLE_DEBUG_INFO = INCLUDE_SOURCE;
				MTL_FAST_MATH = YES;
				ONLY_ACTIVE_ARCH = YES;
				SDKROOT = iphoneos;
				SWIFT_ACTIVE_COMPILATION_CONDITIONS = "DEBUG $(inherited)";
				SWIFT_OPTIMIZATION_LEVEL = "-Onone";
			};
			name = Debug;
		};
		FB3F50502B13A1F400EBCC2A /* Release */ = {
			isa = XCBuildConfiguration;
			buildSettings = {
				ALWAYS_SEARCH_USER_PATHS = NO;
				ASSETCATALOG_COMPILER_GENERATE_SWIFT_ASSET_SYMBOL_EXTENSIONS = YES;
				CLANG_ANALYZER_NONNULL = YES;
				CLANG_ANALYZER_NUMBER_OBJECT_CONVERSION = YES_AGGRESSIVE;
				CLANG_CXX_LANGUAGE_STANDARD = "gnu++20";
				CLANG_ENABLE_MODULES = YES;
				CLANG_ENABLE_OBJC_ARC = YES;
				CLANG_ENABLE_OBJC_WEAK = YES;
				CLANG_WARN_BLOCK_CAPTURE_AUTORELEASING = YES;
				CLANG_WARN_BOOL_CONVERSION = YES;
				CLANG_WARN_COMMA = YES;
				CLANG_WARN_CONSTANT_CONVERSION = YES;
				CLANG_WARN_DEPRECATED_OBJC_IMPLEMENTATIONS = YES;
				CLANG_WARN_DIRECT_OBJC_ISA_USAGE = YES_ERROR;
				CLANG_WARN_DOCUMENTATION_COMMENTS = YES;
				CLANG_WARN_EMPTY_BODY = YES;
				CLANG_WARN_ENUM_CONVERSION = YES;
				CLANG_WARN_INFINITE_RECURSION = YES;
				CLANG_WARN_INT_CONVERSION = YES;
				CLANG_WARN_NON_LITERAL_NULL_CONVERSION = YES;
				CLANG_WARN_OBJC_IMPLICIT_RETAIN_SELF = YES;
				CLANG_WARN_OBJC_LITERAL_CONVERSION = YES;
				CLANG_WARN_OBJC_ROOT_CLASS = YES_ERROR;
				CLANG_WARN_QUOTED_INCLUDE_IN_FRAMEWORK_HEADER = YES;
				CLANG_WARN_RANGE_LOOP_ANALYSIS = YES;
				CLANG_WARN_STRICT_PROTOTYPES = YES;
				CLANG_WARN_SUSPICIOUS_MOVE = YES;
				CLANG_WARN_UNGUARDED_AVAILABILITY = YES_AGGRESSIVE;
				CLANG_WARN_UNREACHABLE_CODE = YES;
				CLANG_WARN__DUPLICATE_METHOD_MATCH = YES;
				COPY_PHASE_STRIP = NO;
				DEBUG_INFORMATION_FORMAT = "dwarf-with-dsym";
				ENABLE_NS_ASSERTIONS = NO;
				ENABLE_STRICT_OBJC_MSGSEND = YES;
				ENABLE_USER_SCRIPT_SANDBOXING = YES;
				GCC_C_LANGUAGE_STANDARD = gnu17;
				GCC_NO_COMMON_BLOCKS = YES;
				GCC_WARN_64_TO_32_BIT_CONVERSION = YES;
				GCC_WARN_ABOUT_RETURN_TYPE = YES_ERROR;
				GCC_WARN_UNDECLARED_SELECTOR = YES;
				GCC_WARN_UNINITIALIZED_AUTOS = YES_AGGRESSIVE;
				GCC_WARN_UNUSED_FUNCTION = YES;
				GCC_WARN_UNUSED_VARIABLE = YES;
				IPHONEOS_DEPLOYMENT_TARGET = 17.0;
				LOCALIZATION_PREFERS_STRING_CATALOGS = YES;
				MTL_ENABLE_DEBUG_INFO = NO;
				MTL_FAST_MATH = YES;
				SDKROOT = iphoneos;
				SWIFT_COMPILATION_MODE = wholemodule;
				VALIDATE_PRODUCT = YES;
			};
			name = Release;
		};
		FB3F50522B13A1F400EBCC2A /* Debug */ = {
			isa = XCBuildConfiguration;
			buildSettings = {
				ASSETCATALOG_COMPILER_APPICON_NAME = AppIcon;
				ASSETCATALOG_COMPILER_GLOBAL_ACCENT_COLOR_NAME = AccentColor;
				CODE_SIGN_STYLE = Automatic;
				CURRENT_PROJECT_VERSION = 1;
				DEVELOPMENT_TEAM = 29LG774JBH;
				GENERATE_INFOPLIST_FILE = YES;
				INFOPLIST_FILE = IMDBApp/Info.plist;
				INFOPLIST_KEY_UIApplicationSupportsIndirectInputEvents = YES;
				INFOPLIST_KEY_UILaunchStoryboardName = LaunchScreen;
				INFOPLIST_KEY_UIMainStoryboardFile = Main;
				INFOPLIST_KEY_UISupportedInterfaceOrientations_iPad = "UIInterfaceOrientationPortrait UIInterfaceOrientationPortraitUpsideDown UIInterfaceOrientationLandscapeLeft UIInterfaceOrientationLandscapeRight";
				INFOPLIST_KEY_UISupportedInterfaceOrientations_iPhone = "UIInterfaceOrientationPortrait UIInterfaceOrientationLandscapeLeft UIInterfaceOrientationLandscapeRight";
				LD_RUNPATH_SEARCH_PATHS = (
					"$(inherited)",
					"@executable_path/Frameworks",
				);
				MARKETING_VERSION = 1.0;
				PRODUCT_BUNDLE_IDENTIFIER = com.Deneme.IMDBApp;
				PRODUCT_NAME = "$(TARGET_NAME)";
				SWIFT_EMIT_LOC_STRINGS = YES;
				SWIFT_VERSION = 5.0;
				TARGETED_DEVICE_FAMILY = "1,2";
			};
			name = Debug;
		};
		FB3F50532B13A1F400EBCC2A /* Release */ = {
			isa = XCBuildConfiguration;
			buildSettings = {
				ASSETCATALOG_COMPILER_APPICON_NAME = AppIcon;
				ASSETCATALOG_COMPILER_GLOBAL_ACCENT_COLOR_NAME = AccentColor;
				CODE_SIGN_STYLE = Automatic;
				CURRENT_PROJECT_VERSION = 1;
				DEVELOPMENT_TEAM = 29LG774JBH;
				GENERATE_INFOPLIST_FILE = YES;
				INFOPLIST_FILE = IMDBApp/Info.plist;
				INFOPLIST_KEY_UIApplicationSupportsIndirectInputEvents = YES;
				INFOPLIST_KEY_UILaunchStoryboardName = LaunchScreen;
				INFOPLIST_KEY_UIMainStoryboardFile = Main;
				INFOPLIST_KEY_UISupportedInterfaceOrientations_iPad = "UIInterfaceOrientationPortrait UIInterfaceOrientationPortraitUpsideDown UIInterfaceOrientationLandscapeLeft UIInterfaceOrientationLandscapeRight";
				INFOPLIST_KEY_UISupportedInterfaceOrientations_iPhone = "UIInterfaceOrientationPortrait UIInterfaceOrientationLandscapeLeft UIInterfaceOrientationLandscapeRight";
				LD_RUNPATH_SEARCH_PATHS = (
					"$(inherited)",
					"@executable_path/Frameworks",
				);
				MARKETING_VERSION = 1.0;
				PRODUCT_BUNDLE_IDENTIFIER = com.Deneme.IMDBApp;
				PRODUCT_NAME = "$(TARGET_NAME)";
				SWIFT_EMIT_LOC_STRINGS = YES;
				SWIFT_VERSION = 5.0;
				TARGETED_DEVICE_FAMILY = "1,2";
			};
			name = Release;
		};
/* End XCBuildConfiguration section */

/* Begin XCConfigurationList section */
		FB3F50382B13A1F300EBCC2A /* Build configuration list for PBXProject "IMDBApp" */ = {
			isa = XCConfigurationList;
			buildConfigurations = (
				FB3F504F2B13A1F400EBCC2A /* Debug */,
				FB3F50502B13A1F400EBCC2A /* Release */,
			);
			defaultConfigurationIsVisible = 0;
			defaultConfigurationName = Release;
		};
		FB3F50512B13A1F400EBCC2A /* Build configuration list for PBXNativeTarget "IMDBApp" */ = {
			isa = XCConfigurationList;
			buildConfigurations = (
				FB3F50522B13A1F400EBCC2A /* Debug */,
				FB3F50532B13A1F400EBCC2A /* Release */,
			);
			defaultConfigurationIsVisible = 0;
			defaultConfigurationName = Release;
		};
/* End XCConfigurationList section */

/* Begin XCRemoteSwiftPackageReference section */
		FB3F50662B13B79B00EBCC2A /* XCRemoteSwiftPackageReference "Alamofire" */ = {
			isa = XCRemoteSwiftPackageReference;
			repositoryURL = "https://github.com/Alamofire/Alamofire.git";
			requirement = {
				kind = upToNextMajorVersion;
				minimumVersion = 5.8.1;
			};
		};
/* End XCRemoteSwiftPackageReference section */

/* Begin XCSwiftPackageProductDependency section */
		FB3F50672B13B79B00EBCC2A /* Alamofire */ = {
			isa = XCSwiftPackageProductDependency;
			package = FB3F50662B13B79B00EBCC2A /* XCRemoteSwiftPackageReference "Alamofire" */;
			productName = Alamofire;
		};
/* End XCSwiftPackageProductDependency section */
	};
	rootObject = FB3F50352B13A1F300EBCC2A /* Project object */;
}
